
Microsoft Visual Studio Solution File, Format Version 12.00
# Visual Studio Version 16
VisualStudioVersion = 16.0.29519.181
MinimumVisualStudioVersion = 10.0.40219.1
Project("{FAE04EC0-301F-11D3-BF4B-00C04F79EFBC}") = "ToDoList", "ToDoList\ToDoList.csproj", "{AB3F5295-E405-43DF-883F-4E469A11E685}"
EndProject
Global
	GlobalSection(SolutionConfigurationPlatforms) = preSolution
		Debug|Any CPU = Debug|Any CPU
		Release|Any CPU = Release|Any CPU
	EndGlobalSection
	GlobalSection(ProjectConfigurationPlatforms) = postSolution
		{AB3F5295-E405-43DF-883F-4E469A11E685}.Debug|Any CPU.ActiveCfg = Debug|Any CPU
		{AB3F5295-E405-43DF-883F-4E469A11E685}.Debug|Any CPU.Build.0 = Debug|Any CPU
		{AB3F5295-E405-43DF-883F-4E469A11E685}.Release|Any CPU.ActiveCfg = Release|Any CPU
		{AB3F5295-E405-43DF-883F-4E469A11E685}.Release|Any CPU.Build.0 = Release|Any CPU
	EndGlobalSection
	GlobalSection(SolutionProperties) = preSolution
		HideSolutionNode = FALSE
	EndGlobalSection
	GlobalSection(ExtensibilityGlobals) = postSolution
		SolutionGuid = {5F852A5E-704D-45A1-B157-6B8F37EC3B79}
	EndGlobalSection
EndGlobal
